
Microsoft Visual Studio Solution File, Format Version 12.00
# Visual Studio Version 17
VisualStudioVersion = 17.9.34714.143
MinimumVisualStudioVersion = 10.0.40219.1
Project("{FAE04EC0-301F-11D3-BF4B-00C04F79EFBC}") = "Stepper_controller", "Stepper_controller.csproj", "{51A3BFC4-C26A-4D87-9AE5-79DCE7444046}"
EndProject
Global
	GlobalSection(SolutionConfigurationPlatforms) = preSolution
		Debug|Any CPU = Debug|Any CPU
		Release|Any CPU = Release|Any CPU
	EndGlobalSection
	GlobalSection(ProjectConfigurationPlatforms) = postSolution
		{51A3BFC4-C26A-4D87-9AE5-79DCE7444046}.Debug|Any CPU.ActiveCfg = Debug|Any CPU
		{51A3BFC4-C26A-4D87-9AE5-79DCE7444046}.Debug|Any CPU.Build.0 = Debug|Any CPU
		{51A3BFC4-C26A-4D87-9AE5-79DCE7444046}.Release|Any CPU.ActiveCfg = Release|Any CPU
		{51A3BFC4-C26A-4D87-9AE5-79DCE7444046}.Release|Any CPU.Build.0 = Release|Any CPU
	EndGlobalSection
	GlobalSection(SolutionProperties) = preSolution
		HideSolutionNode = FALSE
	EndGlobalSection
	GlobalSection(ExtensibilityGlobals) = postSolution
		SolutionGuid = {E22C3A21-1C93-4313-9144-13297239A891}
	EndGlobalSection
EndGlobal
